
Microsoft Visual Studio Solution File, Format Version 12.00
# Visual Studio Version 17
VisualStudioVersion = 17.14.36301.6
MinimumVisualStudioVersion = 10.0.40219.1
Project("{FAE04EC0-301F-11D3-BF4B-00C04F79EFBC}") = "WebAPI", "WebAPI\WebAPI.csproj", "{7FAFA8C4-66C2-4046-89AE-EBE5649B0140}"
EndProject
Project("{FAE04EC0-301F-11D3-BF4B-00C04F79EFBC}") = "Domain.Model", "Domain.Model\Domain.Model.csproj", "{F4DCC8A3-6A3C-4F65-9E05-D1C1CF6C5EB8}"
EndProject
Project("{FAE04EC0-301F-11D3-BF4B-00C04F79EFBC}") = "Controllers", "Controllers\Controllers.csproj", "{4F4F605C-D601-4CBC-A12A-9C4E24D0B4FC}"
EndProject
Project("{FAE04EC0-301F-11D3-BF4B-00C04F79EFBC}") = "Domain.Services", "Domain.Services\Domain.Services.csproj", "{FF8E4FE2-AC58-43EE-B6DF-C6A4AFFD8E48}"
EndProject
Project("{FAE04EC0-301F-11D3-BF4B-00C04F79EFBC}") = "DTOs", "DTOs\DTOs.csproj", "{B463CEB7-44C7-4337-9A5F-76EFEAC15C4F}"
EndProject
Project("{2150E333-8FDC-42A3-9474-1A3956D46DE8}") = "Elementos de la solución", "Elementos de la solución", "{D107F4C8-89CC-BEA8-D3D7-CA6B7733353D}"
	ProjectSection(SolutionItems) = preProject
		.gitignore = .gitignore
	EndProjectSection
EndProject
Project("{FAE04EC0-301F-11D3-BF4B-00C04F79EFBC}") = "ConsoleApp", "ConsoleApp\ConsoleApp.csproj", "{1D455E65-B70D-45F1-84BD-8D2B69F81B67}"
EndProject
Global
	GlobalSection(SolutionConfigurationPlatforms) = preSolution
		Debug|Any CPU = Debug|Any CPU
		Release|Any CPU = Release|Any CPU
	EndGlobalSection
	GlobalSection(ProjectConfigurationPlatforms) = postSolution
		{7FAFA8C4-66C2-4046-89AE-EBE5649B0140}.Debug|Any CPU.ActiveCfg = Debug|Any CPU
		{7FAFA8C4-66C2-4046-89AE-EBE5649B0140}.Debug|Any CPU.Build.0 = Debug|Any CPU
		{7FAFA8C4-66C2-4046-89AE-EBE5649B0140}.Release|Any CPU.ActiveCfg = Release|Any CPU
		{7FAFA8C4-66C2-4046-89AE-EBE5649B0140}.Release|Any CPU.Build.0 = Release|Any CPU
		{F4DCC8A3-6A3C-4F65-9E05-D1C1CF6C5EB8}.Debug|Any CPU.ActiveCfg = Debug|Any CPU
		{F4DCC8A3-6A3C-4F65-9E05-D1C1CF6C5EB8}.Debug|Any CPU.Build.0 = Debug|Any CPU
		{F4DCC8A3-6A3C-4F65-9E05-D1C1CF6C5EB8}.Release|Any CPU.ActiveCfg = Release|Any CPU
		{F4DCC8A3-6A3C-4F65-9E05-D1C1CF6C5EB8}.Release|Any CPU.Build.0 = Release|Any CPU
		{4F4F605C-D601-4CBC-A12A-9C4E24D0B4FC}.Debug|Any CPU.ActiveCfg = Debug|Any CPU
		{4F4F605C-D601-4CBC-A12A-9C4E24D0B4FC}.Debug|Any CPU.Build.0 = Debug|Any CPU
		{4F4F605C-D601-4CBC-A12A-9C4E24D0B4FC}.Release|Any CPU.ActiveCfg = Release|Any CPU
		{4F4F605C-D601-4CBC-A12A-9C4E24D0B4FC}.Release|Any CPU.Build.0 = Release|Any CPU
		{FF8E4FE2-AC58-43EE-B6DF-C6A4AFFD8E48}.Debug|Any CPU.ActiveCfg = Debug|Any CPU
		{FF8E4FE2-AC58-43EE-B6DF-C6A4AFFD8E48}.Debug|Any CPU.Build.0 = Debug|Any CPU
		{FF8E4FE2-AC58-43EE-B6DF-C6A4AFFD8E48}.Release|Any CPU.ActiveCfg = Release|Any CPU
		{FF8E4FE2-AC58-43EE-B6DF-C6A4AFFD8E48}.Release|Any CPU.Build.0 = Release|Any CPU
		{B463CEB7-44C7-4337-9A5F-76EFEAC15C4F}.Debug|Any CPU.ActiveCfg = Debug|Any CPU
		{B463CEB7-44C7-4337-9A5F-76EFEAC15C4F}.Debug|Any CPU.Build.0 = Debug|Any CPU
		{B463CEB7-44C7-4337-9A5F-76EFEAC15C4F}.Release|Any CPU.ActiveCfg = Release|Any CPU
		{B463CEB7-44C7-4337-9A5F-76EFEAC15C4F}.Release|Any CPU.Build.0 = Release|Any CPU
		{1D455E65-B70D-45F1-84BD-8D2B69F81B67}.Debug|Any CPU.ActiveCfg = Debug|Any CPU
		{1D455E65-B70D-45F1-84BD-8D2B69F81B67}.Debug|Any CPU.Build.0 = Debug|Any CPU
		{1D455E65-B70D-45F1-84BD-8D2B69F81B67}.Release|Any CPU.ActiveCfg = Release|Any CPU
		{1D455E65-B70D-45F1-84BD-8D2B69F81B67}.Release|Any CPU.Build.0 = Release|Any CPU
	EndGlobalSection
	GlobalSection(SolutionProperties) = preSolution
		HideSolutionNode = FALSE
	EndGlobalSection
	GlobalSection(ExtensibilityGlobals) = postSolution
		SolutionGuid = {8FBBBD2F-E157-4D2C-973C-76B1CDC44A04}
	EndGlobalSection
EndGlobal
